// !$*UTF8*$!
{
	archiveVersion = 1;
	classes = {
	};
	objectVersion = 46;
	objects = {

/* Begin PBXBuildFile section */
		38BAB1321BE6D73300D33304 /* Student.cpp in Sources */ = {isa = PBXBuildFile; fileRef = 38BAB1311BE6D73300D33304 /* Student.cpp */; };
		38BAB1341BE6D73B00D33304 /* Course.cpp in Sources */ = {isa = PBXBuildFile; fileRef = 38BAB1331BE6D73B00D33304 /* Course.cpp */; };
		38BAB1361BE6D74500D33304 /* main.cpp in Sources */ = {isa = PBXBuildFile; fileRef = 38BAB1351BE6D74500D33304 /* main.cpp */; };
/* End PBXBuildFile section */

/* Begin PBXCopyFilesBuildPhase section */
		38BAB1251BE6D72100D33304 /* CopyFiles */ = {
			isa = PBXCopyFilesBuildPhase;
			buildActionMask = 2147483647;
			dstPath = /usr/share/man/man1/;
			dstSubfolderSpec = 0;
			files = (
			);
			runOnlyForDeploymentPostprocessing = 1;
		};
/* End PBXCopyFilesBuildPhase section */

/* Begin PBXFileReference section */
		38BAB1271BE6D72100D33304 /* Classes */ = {isa = PBXFileReference; explicitFileType = "compiled.mach-o.executable"; includeInIndex = 0; path = Classes; sourceTree = BUILT_PRODUCTS_DIR; };
		38BAB1311BE6D73300D33304 /* Student.cpp */ = {isa = PBXFileReference; fileEncoding = 4; lastKnownFileType = sourcecode.cpp.cpp; path = Student.cpp; sourceTree = "<group>"; };
		38BAB1331BE6D73B00D33304 /* Course.cpp */ = {isa = PBXFileReference; fileEncoding = 4; lastKnownFileType = sourcecode.cpp.cpp; path = Course.cpp; sourceTree = "<group>"; };
		38BAB1351BE6D74500D33304 /* main.cpp */ = {isa = PBXFileReference; fileEncoding = 4; lastKnownFileType = sourcecode.cpp.cpp; path = main.cpp; sourceTree = "<group>"; };
		38BAB1371BE6D74D00D33304 /* Course.h */ = {isa = PBXFileReference; lastKnownFileType = sourcecode.c.h; path = Course.h; sourceTree = "<group>"; };
		38BAB1381BE6D75700D33304 /* Student.h */ = {isa = PBXFileReference; lastKnownFileType = sourcecode.c.h; path = Student.h; sourceTree = "<group>"; };
		38BAB1391BE7CE2000D33304 /* data.txt */ = {isa = PBXFileReference; lastKnownFileType = text; path = data.txt; sourceTree = "<group>"; };
/* End PBXFileReference section */

/* Begin PBXFrameworksBuildPhase section */
		38BAB1241BE6D72100D33304 /* Frameworks */ = {
			isa = PBXFrameworksBuildPhase;
			buildActionMask = 2147483647;
			files = (
			);
			runOnlyForDeploymentPostprocessing = 0;
		};
/* End PBXFrameworksBuildPhase section */

/* Begin PBXGroup section */
		38BAB11E1BE6D72100D33304 = {
			isa = PBXGroup;
			children = (
				38BAB1291BE6D72100D33304 /* Classes */,
				38BAB1281BE6D72100D33304 /* Products */,
			);
			sourceTree = "<group>";
		};
		38BAB1281BE6D72100D33304 /* Products */ = {
			isa = PBXGroup;
			children = (
				38BAB1271BE6D72100D33304 /* Classes */,
			);
			name = Products;
			sourceTree = "<group>";
		};
		38BAB1291BE6D72100D33304 /* Classes */ = {
			isa = PBXGroup;
			children = (
				38BAB1381BE6D75700D33304 /* Student.h */,
				38BAB1311BE6D73300D33304 /* Student.cpp */,
				38BAB1371BE6D74D00D33304 /* Course.h */,
				38BAB1331BE6D73B00D33304 /* Course.cpp */,
				38BAB1351BE6D74500D33304 /* main.cpp */,
				38BAB1391BE7CE2000D33304 /* data.txt */,
			);
			path = Classes;
			sourceTree = "<group>";
		};
/* End PBXGroup section */

/* Begin PBXNativeTarget section */
		38BAB1261BE6D72100D33304 /* Classes */ = {
			isa = PBXNativeTarget;
			buildConfigurationList = 38BAB12E1BE6D72100D33304 /* Build configuration list for PBXNativeTarget "Classes" */;
			buildPhases = (
				38BAB1231BE6D72100D33304 /* Sources */,
				38BAB1241BE6D72100D33304 /* Frameworks */,
				38BAB1251BE6D72100D33304 /* CopyFiles */,
			);
			buildRules = (
			);
			dependencies = (
			);
			name = Classes;
			productName = Classes;
			productReference = 38BAB1271BE6D72100D33304 /* Classes */;
			productType = "com.apple.product-type.tool";
		};
/* End PBXNativeTarget section */

/* Begin PBXProject section */
		38BAB11F1BE6D72100D33304 /* Project object */ = {
			isa = PBXProject;
			attributes = {
				LastUpgradeCheck = 0710;
				ORGANIZATIONNAME = "University of Michigan";
				TargetAttributes = {
					38BAB1261BE6D72100D33304 = {
						CreatedOnToolsVersion = 7.1;
					};
				};
			};
			buildConfigurationList = 38BAB1221BE6D72100D33304 /* Build configuration list for PBXProject "Classes" */;
			compatibilityVersion = "Xcode 3.2";
			developmentRegion = English;
			hasScannedForEncodings = 0;
			knownRegions = (
				en,
			);
			mainGroup = 38BAB11E1BE6D72100D33304;
			productRefGroup = 38BAB1281BE6D72100D33304 /* Products */;
			projectDirPath = "";
			projectRoot = "";
			targets = (
				38BAB1261BE6D72100D33304 /* Classes */,
			);
		};
/* End PBXProject section */

/* Begin PBXSourcesBuildPhase section */
		38BAB1231BE6D72100D33304 /* Sources */ = {
			isa = PBXSourcesBuildPhase;
			buildActionMask = 2147483647;
			files = (
				38BAB1321BE6D73300D33304 /* Student.cpp in Sources */,
				38BAB1341BE6D73B00D33304 /* Course.cpp in Sources */,
				38BAB1361BE6D74500D33304 /* main.cpp in Sources */,
			);
			runOnlyForDeploymentPostprocessing = 0;
		};
/* End PBXSourcesBuildPhase section */

/* Begin XCBuildConfiguration section */
		38BAB12C1BE6D72100D33304 /* Debug */ = {
			isa = XCBuildConfiguration;
			buildSettings = {
				ALWAYS_SEARCH_USER_PATHS = NO;
				CLANG_CXX_LANGUAGE_STANDARD = "gnu++0x";
				CLANG_CXX_LIBRARY = "libc++";
				CLANG_ENABLE_MODULES = YES;
				CLANG_ENABLE_OBJC_ARC = YES;
				CLANG_WARN_BOOL_CONVERSION = YES;
				CLANG_WARN_CONSTANT_CONVERSION = YES;
				CLANG_WARN_DIRECT_OBJC_ISA_USAGE = YES_ERROR;
				CLANG_WARN_EMPTY_BODY = YES;
				CLANG_WARN_ENUM_CONVERSION = YES;
				CLANG_WARN_INT_CONVERSION = YES;
				CLANG_WARN_OBJC_ROOT_CLASS = YES_ERROR;
				CLANG_WARN_UNREACHABLE_CODE = YES;
				CLANG_WARN__DUPLICATE_METHOD_MATCH = YES;
				CODE_SIGN_IDENTITY = "-";
				COPY_PHASE_STRIP = NO;
				DEBUG_INFORMATION_FORMAT = dwarf;
				ENABLE_STRICT_OBJC_MSGSEND = YES;
				ENABLE_TESTABILITY = YES;
				GCC_C_LANGUAGE_STANDARD = gnu99;
				GCC_DYNAMIC_NO_PIC = NO;
				GCC_NO_COMMON_BLOCKS = YES;
				GCC_OPTIMIZATION_LEVEL = 0;
				GCC_PREPROCESSOR_DEFINITIONS = (
					"DEBUG=1",
					"$(inherited)",
				);
				GCC_WARN_64_TO_32_BIT_CONVERSION = YES;
				GCC_WARN_ABOUT_RETURN_TYPE = YES_ERROR;
				GCC_WARN_UNDECLARED_SELECTOR = YES;
				GCC_WARN_UNINITIALIZED_AUTOS = YES_AGGRESSIVE;
				GCC_WARN_UNUSED_FUNCTION = YES;
				GCC_WARN_UNUSED_VARIABLE = YES;
				MACOSX_DEPLOYMENT_TARGET = 10.10;
				MTL_ENABLE_DEBUG_INFO = YES;
				ONLY_ACTIVE_ARCH = YES;
				SDKROOT = macosx;
			};
			name = Debug;
		};
		38BAB12D1BE6D72100D33304 /* Release */ = {
			isa = XCBuildConfiguration;
			buildSettings = {
				ALWAYS_SEARCH_USER_PATHS = NO;
				CLANG_CXX_LANGUAGE_STANDARD = "gnu++0x";
				CLANG_CXX_LIBRARY = "libc++";
				CLANG_ENABLE_MODULES = YES;
				CLANG_ENABLE_OBJC_ARC = YES;
				CLANG_WARN_BOOL_CONVERSION = YES;
				CLANG_WARN_CONSTANT_CONVERSION = YES;
				CLANG_WARN_DIRECT_OBJC_ISA_USAGE = YES_ERROR;
				CLANG_WARN_EMPTY_BODY = YES;
				CLANG_WARN_ENUM_CONVERSION = YES;
				CLANG_WARN_INT_CONVERSION = YES;
				CLANG_WARN_OBJC_ROOT_CLASS = YES_ERROR;
				CLANG_WARN_UNREACHABLE_CODE = YES;
				CLANG_WARN__DUPLICATE_METHOD_MATCH = YES;
				CODE_SIGN_IDENTITY = "-";
				COPY_PHASE_STRIP = NO;
				DEBUG_INFORMATION_FORMAT = "dwarf-with-dsym";
				ENABLE_NS_ASSERTIONS = NO;
				ENABLE_STRICT_OBJC_MSGSEND = YES;
				GCC_C_LANGUAGE_STANDARD = gnu99;
				GCC_NO_COMMON_BLOCKS = YES;
				GCC_WARN_64_TO_32_BIT_CONVERSION = YES;
				GCC_WARN_ABOUT_RETURN_TYPE = YES_ERROR;
				GCC_WARN_UNDECLARED_SELECTOR = YES;
				GCC_WARN_UNINITIALIZED_AUTOS = YES_AGGRESSIVE;
				GCC_WARN_UNUSED_FUNCTION = YES;
				GCC_WARN_UNUSED_VARIABLE = YES;
				MACOSX_DEPLOYMENT_TARGET = 10.10;
				MTL_ENABLE_DEBUG_INFO = NO;
				SDKROOT = macosx;
			};
			name = Release;
		};
		38BAB12F1BE6D72100D33304 /* Debug */ = {
			isa = XCBuildConfiguration;
			buildSettings = {
				PRODUCT_NAME = "$(TARGET_NAME)";
			};
			name = Debug;
		};
		38BAB1301BE6D72100D33304 /* Release */ = {
			isa = XCBuildConfiguration;
			buildSettings = {
				PRODUCT_NAME = "$(TARGET_NAME)";
			};
			name = Release;
		};
/* End XCBuildConfiguration section */

/* Begin XCConfigurationList section */
		38BAB1221BE6D72100D33304 /* Build configuration list for PBXProject "Classes" */ = {
			isa = XCConfigurationList;
			buildConfigurations = (
				38BAB12C1BE6D72100D33304 /* Debug */,
				38BAB12D1BE6D72100D33304 /* Release */,
			);
			defaultConfigurationIsVisible = 0;
			defaultConfigurationName = Release;
		};
		38BAB12E1BE6D72100D33304 /* Build configuration list for PBXNativeTarget "Classes" */ = {
			isa = XCConfigurationList;
			buildConfigurations = (
				38BAB12F1BE6D72100D33304 /* Debug */,
				38BAB1301BE6D72100D33304 /* Release */,
			);
			defaultConfigurationIsVisible = 0;
		};
/* End XCConfigurationList section */
	};
	rootObject = 38BAB11F1BE6D72100D33304 /* Project object */;
}
